Microsoft Visual Studio Solution File, Format Version 12.00
# Visual Studio Version 17
VisualStudioVersion = 17.5.2.0
MinimumVisualStudioVersion = 10.0.40219.1
Project("{FAE04EC0-301F-11D3-BF4B-00C04F79EFBC}") = "DigitalJanitor", "DigitalJanitor.csproj", "{65CF15B6-A49E-3EFE-2154-1009E3A8ED44}"
EndProject
Global
	GlobalSection(SolutionConfigurationPlatforms) = preSolution
		Debug|Any CPU = Debug|Any CPU
		Release|Any CPU = Release|Any CPU
	EndGlobalSection
	GlobalSection(ProjectConfigurationPlatforms) = postSolution
		{65CF15B6-A49E-3EFE-2154-1009E3A8ED44}.Debug|Any CPU.ActiveCfg = Debug|Any CPU
		{65CF15B6-A49E-3EFE-2154-1009E3A8ED44}.Debug|Any CPU.Build.0 = Debug|Any CPU
		{65CF15B6-A49E-3EFE-2154-1009E3A8ED44}.Release|Any CPU.ActiveCfg = Release|Any CPU
		{65CF15B6-A49E-3EFE-2154-1009E3A8ED44}.Release|Any CPU.Build.0 = Release|Any CPU
	EndGlobalSection
	GlobalSection(SolutionProperties) = preSolution
		HideSolutionNode = FALSE
	EndGlobalSection
	GlobalSection(ExtensibilityGlobals) = postSolution
		SolutionGuid = {400B3F53-EE7A-474C-8FEA-E385F6781473}
	EndGlobalSection
EndGlobal
